
Microsoft Visual Studio Solution File, Format Version 12.00
# Visual Studio Version 17
VisualStudioVersion = 17.4.33103.184
MinimumVisualStudioVersion = 10.0.40219.1
Project("{FAE04EC0-301F-11D3-BF4B-00C04F79EFBC}") = "WindowsFormsApp1", "WindowsFormsApp1\WindowsFormsApp1.csproj", "{2802EB02-BA2E-46A0-8A29-920B581D4C67}"
EndProject
Global
	GlobalSection(SolutionConfigurationPlatforms) = preSolution
		Debug|Any CPU = Debug|Any CPU
		Release|Any CPU = Release|Any CPU
	EndGlobalSection
	GlobalSection(ProjectConfigurationPlatforms) = postSolution
		{2802EB02-BA2E-46A0-8A29-920B581D4C67}.Debug|Any CPU.ActiveCfg = Debug|Any CPU
		{2802EB02-BA2E-46A0-8A29-920B581D4C67}.Debug|Any CPU.Build.0 = Debug|Any CPU
		{2802EB02-BA2E-46A0-8A29-920B581D4C67}.Release|Any CPU.ActiveCfg = Release|Any CPU
		{2802EB02-BA2E-46A0-8A29-920B581D4C67}.Release|Any CPU.Build.0 = Release|Any CPU
	EndGlobalSection
	GlobalSection(SolutionProperties) = preSolution
		HideSolutionNode = FALSE
	EndGlobalSection
	GlobalSection(ExtensibilityGlobals) = postSolution
		SolutionGuid = {984F2EC8-834D-4575-9FE9-1C30C6FE2C49}
	EndGlobalSection
EndGlobal
